{
  "name": "logic-parser",
  "lockfileVersion": 3,
  "requires": true,
  "packages": {
    "": {
      "dependencies": {
        "diacritics": "^1.3.0",
        "linked-list-typescript": "^1.0.15"
      },
      "devDependencies": {
        "@types/diacritics": "^1.3.3",
        "typescript": "^5.9.3"
      }
    },
    "node_modules/@types/diacritics": {
      "version": "1.3.3",
      "resolved": "https://registry.npmjs.org/@types/diacritics/-/diacritics-1.3.3.tgz",
      "integrity": "sha512-wt0tBItmBsOUVZ8+MCrkBMoVfH/EUZeTXwYSekVVYilZlGDYssREUR+sX72mHvl2IrbdCKgpYARXKh3awD2how==",
      "dev": true,
      "license": "MIT"
    },
    "node_modules/diacritics": {
      "version": "1.3.0",
      "resolved": "https://registry.npmjs.org/diacritics/-/diacritics-1.3.0.tgz",
      "integrity": "sha512-wlwEkqcsaxvPJML+rDh/2iS824jbREk6DUMUKkEaSlxdYHeS43cClJtsWglvw2RfeXGm6ohKDqsXteJ5sP5enA==",
      "license": "MIT"
    },
    "node_modules/linked-list-typescript": {
      "version": "1.0.15",
      "resolved": "https://registry.npmjs.org/linked-list-typescript/-/linked-list-typescript-1.0.15.tgz",
      "integrity": "sha512-RIyUu9lnJIyIaMe63O7/aFv/T2v3KsMFuXMBbUQCHX+cgtGro86ETDj5ed0a8gQL2+DFjzYYsgVG4I36/cUwgw==",
      "license": "MIT"
    },
    "node_modules/typescript": {
      "version": "5.9.3",
      "resolved": "https://registry.npmjs.org/typescript/-/typescript-5.9.3.tgz",
      "integrity": "sha512-jl1vZzPDinLr9eUt3J/t7V6FgNEw9QjvBPdysz9KfQDD41fQrC2Y4vKQdiaUpFT4bXlb1RHhLpp8wtm6M5TgSw==",
      "dev": true,
      "license": "Apache-2.0",
      "bin": {
        "tsc": "bin/tsc",
        "tsserver": "bin/tsserver"
      },
      "engines": {
        "node": ">=14.17"
      }
    }
  }
}
